
Microsoft Visual Studio Solution File, Format Version 12.00
# Visual Studio Version 16
VisualStudioVersion = 16.0.32929.386
MinimumVisualStudioVersion = 10.0.40219.1
Project("{FAE04EC0-301F-11D3-BF4B-00C04F79EFBC}") = "SImpleCRUD", "SImpleCRUD\SImpleCRUD.csproj", "{58DB13D3-63DC-4793-88F7-73AB21F5CFB4}"
EndProject
Global
	GlobalSection(SolutionConfigurationPlatforms) = preSolution
		Debug|Any CPU = Debug|Any CPU
		Release|Any CPU = Release|Any CPU
	EndGlobalSection
	GlobalSection(ProjectConfigurationPlatforms) = postSolution
		{58DB13D3-63DC-4793-88F7-73AB21F5CFB4}.Debug|Any CPU.ActiveCfg = Debug|Any CPU
		{58DB13D3-63DC-4793-88F7-73AB21F5CFB4}.Debug|Any CPU.Build.0 = Debug|Any CPU
		{58DB13D3-63DC-4793-88F7-73AB21F5CFB4}.Release|Any CPU.ActiveCfg = Release|Any CPU
		{58DB13D3-63DC-4793-88F7-73AB21F5CFB4}.Release|Any CPU.Build.0 = Release|Any CPU
	EndGlobalSection
	GlobalSection(SolutionProperties) = preSolution
		HideSolutionNode = FALSE
	EndGlobalSection
	GlobalSection(ExtensibilityGlobals) = postSolution
		SolutionGuid = {7C8EB976-6F27-4545-8AA7-28641B0CB915}
	EndGlobalSection
EndGlobal
